
Microsoft Visual Studio Solution File, Format Version 12.00
# Visual Studio Version 16
VisualStudioVersion = 16.0.31105.61
MinimumVisualStudioVersion = 10.0.40219.1
Project("{FAE04EC0-301F-11D3-BF4B-00C04F79EFBC}") = "ReusableStateBotTemplate", "ReusableStateBotTemplate.csproj", "{B1984280-10BE-4A97-A613-40371E5C1F3C}"
EndProject
Global
	GlobalSection(SolutionConfigurationPlatforms) = preSolution
		Debug|Any CPU = Debug|Any CPU
		Release|Any CPU = Release|Any CPU
	EndGlobalSection
	GlobalSection(ProjectConfigurationPlatforms) = postSolution
		{B1984280-10BE-4A97-A613-40371E5C1F3C}.Debug|Any CPU.ActiveCfg = Debug|Any CPU
		{B1984280-10BE-4A97-A613-40371E5C1F3C}.Debug|Any CPU.Build.0 = Debug|Any CPU
		{B1984280-10BE-4A97-A613-40371E5C1F3C}.Release|Any CPU.ActiveCfg = Release|Any CPU
		{B1984280-10BE-4A97-A613-40371E5C1F3C}.Release|Any CPU.Build.0 = Release|Any CPU
	EndGlobalSection
	GlobalSection(SolutionProperties) = preSolution
		HideSolutionNode = FALSE
	EndGlobalSection
	GlobalSection(ExtensibilityGlobals) = postSolution
		SolutionGuid = {E20B87E1-562E-4050-BBC8-510F9D56DEA3}
	EndGlobalSection
EndGlobal
